
Microsoft Visual Studio Solution File, Format Version 12.00
# Visual Studio Version 16
VisualStudioVersion = 16.0.31424.327
MinimumVisualStudioVersion = 10.0.40219.1
Project("{FAE04EC0-301F-11D3-BF4B-00C04F79EFBC}") = "SunShop", "SunShop\SunShop.csproj", "{0B55CA31-9497-44A4-B0B9-298197F8B33F}"
EndProject
Global
	GlobalSection(SolutionConfigurationPlatforms) = preSolution
		Debug|Any CPU = Debug|Any CPU
		Release|Any CPU = Release|Any CPU
	EndGlobalSection
	GlobalSection(ProjectConfigurationPlatforms) = postSolution
		{0B55CA31-9497-44A4-B0B9-298197F8B33F}.Debug|Any CPU.ActiveCfg = Debug|Any CPU
		{0B55CA31-9497-44A4-B0B9-298197F8B33F}.Debug|Any CPU.Build.0 = Debug|Any CPU
		{0B55CA31-9497-44A4-B0B9-298197F8B33F}.Release|Any CPU.ActiveCfg = Release|Any CPU
		{0B55CA31-9497-44A4-B0B9-298197F8B33F}.Release|Any CPU.Build.0 = Release|Any CPU
	EndGlobalSection
	GlobalSection(SolutionProperties) = preSolution
		HideSolutionNode = FALSE
	EndGlobalSection
	GlobalSection(ExtensibilityGlobals) = postSolution
		SolutionGuid = {E5A8E3E6-11D0-42EA-95B7-4C83D24AFCF8}
	EndGlobalSection
EndGlobal
